
Microsoft Visual Studio Solution File, Format Version 12.00
# Visual Studio Version 17
VisualStudioVersion = 17.4.33205.214
MinimumVisualStudioVersion = 10.0.40219.1
Project("{2150E333-8FDC-42A3-9474-1A3956D46DE8}") = "Services", "Services", "{9334FF41-A995-47F2-9257-D3A449DFC40F}"
EndProject
Project("{2150E333-8FDC-42A3-9474-1A3956D46DE8}") = "Catalog", "Catalog", "{3A5608B8-49EF-469B-B0C2-A65E36056690}"
EndProject
Project("{2150E333-8FDC-42A3-9474-1A3956D46DE8}") = "Solution Items", "Solution Items", "{2F65F237-16ED-4A55-A31E-56323043342B}"
	ProjectSection(SolutionItems) = preProject
		Ports.txt = Ports.txt
	EndProjectSection
EndProject
Project("{9A19103F-16F7-4668-BE54-9A1E7A4F7556}") = "SportStore.Services.Catalog", "Services\Catalog\SportStore.Services.Catalog\SportStore.Services.Catalog.csproj", "{E4240878-46E1-43D7-8246-ACFC1A4412D5}"
EndProject
Project("{2150E333-8FDC-42A3-9474-1A3956D46DE8}") = "IdentityServer", "IdentityServer", "{22E020C0-5BF5-4332-AB8B-B8954BCA7CC0}"
EndProject
Project("{9A19103F-16F7-4668-BE54-9A1E7A4F7556}") = "SportStore.IdentityServer", "IdentityServer\SportStore.IdentityServer\SportStore.IdentityServer.csproj", "{2116EF97-B139-4668-A02A-B210A1E5E812}"
EndProject
Project("{2150E333-8FDC-42A3-9474-1A3956D46DE8}") = "Shared", "Shared", "{F149052D-A8D6-4F75-8D05-78C5B00EB8E9}"
EndProject
Project("{9A19103F-16F7-4668-BE54-9A1E7A4F7556}") = "SportStore.Shared", "Shared\SportStore.Shared\SportStore.Shared.csproj", "{CAAE4424-E67D-4EFB-BCB5-358E262E4D9E}"
EndProject
Project("{2150E333-8FDC-42A3-9474-1A3956D46DE8}") = "PhotoStock", "PhotoStock", "{AC6CBE7D-FE55-4201-97C8-B58949DE89FE}"
EndProject
Project("{9A19103F-16F7-4668-BE54-9A1E7A4F7556}") = "SportStore.Services.PhotoStock", "Services\PhotoStock\SportStore.Services.PhotoStock\SportStore.Services.PhotoStock.csproj", "{26C25597-F4AF-4A10-B4E7-9C761710CE40}"
EndProject
Project("{2150E333-8FDC-42A3-9474-1A3956D46DE8}") = "Basket", "Basket", "{0B19F521-AB68-44FB-A6CC-49A958F780B8}"
EndProject
Project("{9A19103F-16F7-4668-BE54-9A1E7A4F7556}") = "SportStore.Services.Basket", "Services\Basket\SportStore.Services.Basket\SportStore.Services.Basket.csproj", "{ABF264A4-91DD-4CD0-AF1E-69AEAD0CCE30}"
EndProject
Project("{2150E333-8FDC-42A3-9474-1A3956D46DE8}") = "Discount", "Discount", "{E02C558C-A35E-4273-9353-68F4F0F64938}"
EndProject
Project("{9A19103F-16F7-4668-BE54-9A1E7A4F7556}") = "SportStore.Services.Discount", "Services\Discount\SportStore.Services.Discount\SportStore.Services.Discount.csproj", "{D6D6E257-6F55-4BF6-B372-E0B424A22D92}"
EndProject
Project("{2150E333-8FDC-42A3-9474-1A3956D46DE8}") = "Order", "Order", "{8DB32FDB-B88C-4E44-9A3B-EDF69A98D6E2}"
EndProject
Project("{FAE04EC0-301F-11D3-BF4B-00C04F79EFBC}") = "SportStore.Services.Order.API", "Services\Order\SportStore.Services.Order.API\SportStore.Services.Order.API.csproj", "{C9FADFBF-3ADF-432F-966E-75CD8E257AB4}"
EndProject
Project("{FAE04EC0-301F-11D3-BF4B-00C04F79EFBC}") = "SportStore.Services.Order.Application", "Services\Order\SportStore.Services.Order.Application\SportStore.Services.Order.Application.csproj", "{1557C1FE-FD5D-4F7E-9AB5-9B1D7271EB35}"
EndProject
Project("{FAE04EC0-301F-11D3-BF4B-00C04F79EFBC}") = "SportStore.Services.Order.Domain", "Services\Order\SportStore.Services.Order.Domain\SportStore.Services.Order.Domain.csproj", "{DF160A05-B59C-43CF-BEB7-9A6A6CFF118E}"
EndProject
Project("{FAE04EC0-301F-11D3-BF4B-00C04F79EFBC}") = "SportStore.Services.Order.Domain.Core", "Services\Order\SportStore.Services.Order.Domain.Core\SportStore.Services.Order.Domain.Core.csproj", "{40F663BF-EB62-456A-B970-DB7E7BA9283C}"
EndProject
Project("{FAE04EC0-301F-11D3-BF4B-00C04F79EFBC}") = "SportStore.Services.Order.Infrastructure", "Services\Order\SportStore.Services.Order.Infrastructure\SportStore.Services.Order.Infrastructure.csproj", "{5F0DB6A2-F6F3-48C8-AC07-A2727AC435A3}"
EndProject
Global
	GlobalSection(SolutionConfigurationPlatforms) = preSolution
		Debug|Any CPU = Debug|Any CPU
		Release|Any CPU = Release|Any CPU
	EndGlobalSection
	GlobalSection(ProjectConfigurationPlatforms) = postSolution
		{E4240878-46E1-43D7-8246-ACFC1A4412D5}.Debug|Any CPU.ActiveCfg = Debug|Any CPU
		{E4240878-46E1-43D7-8246-ACFC1A4412D5}.Debug|Any CPU.Build.0 = Debug|Any CPU
		{E4240878-46E1-43D7-8246-ACFC1A4412D5}.Release|Any CPU.ActiveCfg = Release|Any CPU
		{E4240878-46E1-43D7-8246-ACFC1A4412D5}.Release|Any CPU.Build.0 = Release|Any CPU
		{2116EF97-B139-4668-A02A-B210A1E5E812}.Debug|Any CPU.ActiveCfg = Debug|Any CPU
		{2116EF97-B139-4668-A02A-B210A1E5E812}.Debug|Any CPU.Build.0 = Debug|Any CPU
		{2116EF97-B139-4668-A02A-B210A1E5E812}.Release|Any CPU.ActiveCfg = Release|Any CPU
		{2116EF97-B139-4668-A02A-B210A1E5E812}.Release|Any CPU.Build.0 = Release|Any CPU
		{CAAE4424-E67D-4EFB-BCB5-358E262E4D9E}.Debug|Any CPU.ActiveCfg = Debug|Any CPU
		{CAAE4424-E67D-4EFB-BCB5-358E262E4D9E}.Debug|Any CPU.Build.0 = Debug|Any CPU
		{CAAE4424-E67D-4EFB-BCB5-358E262E4D9E}.Release|Any CPU.ActiveCfg = Release|Any CPU
		{CAAE4424-E67D-4EFB-BCB5-358E262E4D9E}.Release|Any CPU.Build.0 = Release|Any CPU
		{26C25597-F4AF-4A10-B4E7-9C761710CE40}.Debug|Any CPU.ActiveCfg = Debug|Any CPU
		{26C25597-F4AF-4A10-B4E7-9C761710CE40}.Debug|Any CPU.Build.0 = Debug|Any CPU
		{26C25597-F4AF-4A10-B4E7-9C761710CE40}.Release|Any CPU.ActiveCfg = Release|Any CPU
		{26C25597-F4AF-4A10-B4E7-9C761710CE40}.Release|Any CPU.Build.0 = Release|Any CPU
		{ABF264A4-91DD-4CD0-AF1E-69AEAD0CCE30}.Debug|Any CPU.ActiveCfg = Debug|Any CPU
		{ABF264A4-91DD-4CD0-AF1E-69AEAD0CCE30}.Debug|Any CPU.Build.0 = Debug|Any CPU
		{ABF264A4-91DD-4CD0-AF1E-69AEAD0CCE30}.Release|Any CPU.ActiveCfg = Release|Any CPU
		{ABF264A4-91DD-4CD0-AF1E-69AEAD0CCE30}.Release|Any CPU.Build.0 = Release|Any CPU
		{D6D6E257-6F55-4BF6-B372-E0B424A22D92}.Debug|Any CPU.ActiveCfg = Debug|Any CPU
		{D6D6E257-6F55-4BF6-B372-E0B424A22D92}.Debug|Any CPU.Build.0 = Debug|Any CPU
		{D6D6E257-6F55-4BF6-B372-E0B424A22D92}.Release|Any CPU.ActiveCfg = Release|Any CPU
		{D6D6E257-6F55-4BF6-B372-E0B424A22D92}.Release|Any CPU.Build.0 = Release|Any CPU
		{C9FADFBF-3ADF-432F-966E-75CD8E257AB4}.Debug|Any CPU.ActiveCfg = Debug|Any CPU
		{C9FADFBF-3ADF-432F-966E-75CD8E257AB4}.Debug|Any CPU.Build.0 = Debug|Any CPU
		{C9FADFBF-3ADF-432F-966E-75CD8E257AB4}.Release|Any CPU.ActiveCfg = Release|Any CPU
		{C9FADFBF-3ADF-432F-966E-75CD8E257AB4}.Release|Any CPU.Build.0 = Release|Any CPU
		{1557C1FE-FD5D-4F7E-9AB5-9B1D7271EB35}.Debug|Any CPU.ActiveCfg = Debug|Any CPU
		{1557C1FE-FD5D-4F7E-9AB5-9B1D7271EB35}.Debug|Any CPU.Build.0 = Debug|Any CPU
		{1557C1FE-FD5D-4F7E-9AB5-9B1D7271EB35}.Release|Any CPU.ActiveCfg = Release|Any CPU
		{1557C1FE-FD5D-4F7E-9AB5-9B1D7271EB35}.Release|Any CPU.Build.0 = Release|Any CPU
		{DF160A05-B59C-43CF-BEB7-9A6A6CFF118E}.Debug|Any CPU.ActiveCfg = Debug|Any CPU
		{DF160A05-B59C-43CF-BEB7-9A6A6CFF118E}.Debug|Any CPU.Build.0 = Debug|Any CPU
		{DF160A05-B59C-43CF-BEB7-9A6A6CFF118E}.Release|Any CPU.ActiveCfg = Release|Any CPU
		{DF160A05-B59C-43CF-BEB7-9A6A6CFF118E}.Release|Any CPU.Build.0 = Release|Any CPU
		{40F663BF-EB62-456A-B970-DB7E7BA9283C}.Debug|Any CPU.ActiveCfg = Debug|Any CPU
		{40F663BF-EB62-456A-B970-DB7E7BA9283C}.Debug|Any CPU.Build.0 = Debug|Any CPU
		{40F663BF-EB62-456A-B970-DB7E7BA9283C}.Release|Any CPU.ActiveCfg = Release|Any CPU
		{40F663BF-EB62-456A-B970-DB7E7BA9283C}.Release|Any CPU.Build.0 = Release|Any CPU
		{5F0DB6A2-F6F3-48C8-AC07-A2727AC435A3}.Debug|Any CPU.ActiveCfg = Debug|Any CPU
		{5F0DB6A2-F6F3-48C8-AC07-A2727AC435A3}.Debug|Any CPU.Build.0 = Debug|Any CPU
		{5F0DB6A2-F6F3-48C8-AC07-A2727AC435A3}.Release|Any CPU.ActiveCfg = Release|Any CPU
		{5F0DB6A2-F6F3-48C8-AC07-A2727AC435A3}.Release|Any CPU.Build.0 = Release|Any CPU
	EndGlobalSection
	GlobalSection(SolutionProperties) = preSolution
		HideSolutionNode = FALSE
	EndGlobalSection
	GlobalSection(NestedProjects) = preSolution
		{3A5608B8-49EF-469B-B0C2-A65E36056690} = {9334FF41-A995-47F2-9257-D3A449DFC40F}
		{E4240878-46E1-43D7-8246-ACFC1A4412D5} = {3A5608B8-49EF-469B-B0C2-A65E36056690}
		{2116EF97-B139-4668-A02A-B210A1E5E812} = {22E020C0-5BF5-4332-AB8B-B8954BCA7CC0}
		{CAAE4424-E67D-4EFB-BCB5-358E262E4D9E} = {F149052D-A8D6-4F75-8D05-78C5B00EB8E9}
		{AC6CBE7D-FE55-4201-97C8-B58949DE89FE} = {9334FF41-A995-47F2-9257-D3A449DFC40F}
		{26C25597-F4AF-4A10-B4E7-9C761710CE40} = {AC6CBE7D-FE55-4201-97C8-B58949DE89FE}
		{0B19F521-AB68-44FB-A6CC-49A958F780B8} = {9334FF41-A995-47F2-9257-D3A449DFC40F}
		{ABF264A4-91DD-4CD0-AF1E-69AEAD0CCE30} = {0B19F521-AB68-44FB-A6CC-49A958F780B8}
		{E02C558C-A35E-4273-9353-68F4F0F64938} = {9334FF41-A995-47F2-9257-D3A449DFC40F}
		{D6D6E257-6F55-4BF6-B372-E0B424A22D92} = {E02C558C-A35E-4273-9353-68F4F0F64938}
		{8DB32FDB-B88C-4E44-9A3B-EDF69A98D6E2} = {9334FF41-A995-47F2-9257-D3A449DFC40F}
		{C9FADFBF-3ADF-432F-966E-75CD8E257AB4} = {8DB32FDB-B88C-4E44-9A3B-EDF69A98D6E2}
		{1557C1FE-FD5D-4F7E-9AB5-9B1D7271EB35} = {8DB32FDB-B88C-4E44-9A3B-EDF69A98D6E2}
		{DF160A05-B59C-43CF-BEB7-9A6A6CFF118E} = {8DB32FDB-B88C-4E44-9A3B-EDF69A98D6E2}
		{40F663BF-EB62-456A-B970-DB7E7BA9283C} = {8DB32FDB-B88C-4E44-9A3B-EDF69A98D6E2}
		{5F0DB6A2-F6F3-48C8-AC07-A2727AC435A3} = {8DB32FDB-B88C-4E44-9A3B-EDF69A98D6E2}
	EndGlobalSection
	GlobalSection(ExtensibilityGlobals) = postSolution
		SolutionGuid = {B4D2E77F-8A32-45A1-B8DF-2999145C1D06}
	EndGlobalSection
EndGlobal
